
Microsoft Visual Studio Solution File, Format Version 12.00
# Visual Studio Version 16
VisualStudioVersion = 16.0.34031.81
MinimumVisualStudioVersion = 10.0.40219.1
Project("{F184B08F-C81C-45F6-A57F-5ABD9991F28F}") = "BlitzWare-VB-Example", "BlitzWare-VB-Example.vbproj", "{66BA3CB5-F8ED-4C39-A4AE-3BA7D29B130B}"
EndProject
Global
	GlobalSection(SolutionConfigurationPlatforms) = preSolution
		Debug|Any CPU = Debug|Any CPU
		Release|Any CPU = Release|Any CPU
	EndGlobalSection
	GlobalSection(ProjectConfigurationPlatforms) = postSolution
		{66BA3CB5-F8ED-4C39-A4AE-3BA7D29B130B}.Debug|Any CPU.ActiveCfg = Debug|Any CPU
		{66BA3CB5-F8ED-4C39-A4AE-3BA7D29B130B}.Debug|Any CPU.Build.0 = Debug|Any CPU
		{66BA3CB5-F8ED-4C39-A4AE-3BA7D29B130B}.Release|Any CPU.ActiveCfg = Release|Any CPU
		{66BA3CB5-F8ED-4C39-A4AE-3BA7D29B130B}.Release|Any CPU.Build.0 = Release|Any CPU
	EndGlobalSection
	GlobalSection(SolutionProperties) = preSolution
		HideSolutionNode = FALSE
	EndGlobalSection
	GlobalSection(ExtensibilityGlobals) = postSolution
		SolutionGuid = {10DAF38A-0C0F-49D2-BA14-EC347EBCC256}
	EndGlobalSection
EndGlobal
